// !$*UTF8*$!
{
	archiveVersion = 1;
	classes = {
	};
	objectVersion = 46;
	objects = {

/* Begin PBXBuildFile section */
		37CD66821ED44A3600590A0A /* AppDelegate.swift in Sources */ = {isa = PBXBuildFile; fileRef = 37CD66811ED44A3600590A0A /* AppDelegate.swift */; };
		37CD66841ED44A3600590A0A /* ViewController.swift in Sources */ = {isa = PBXBuildFile; fileRef = 37CD66831ED44A3600590A0A /* ViewController.swift */; };
		37CD66871ED44A3600590A0A /* Main.storyboard in Resources */ = {isa = PBXBuildFile; fileRef = 37CD66851ED44A3600590A0A /* Main.storyboard */; };
		37CD66891ED44A3600590A0A /* Assets.xcassets in Resources */ = {isa = PBXBuildFile; fileRef = 37CD66881ED44A3600590A0A /* Assets.xcassets */; };
		37CD668C1ED44A3600590A0A /* LaunchScreen.storyboard in Resources */ = {isa = PBXBuildFile; fileRef = 37CD668A1ED44A3600590A0A /* LaunchScreen.storyboard */; };
		37CD66971ED44A3600590A0A /* lightTests.swift in Sources */ = {isa = PBXBuildFile; fileRef = 37CD66961ED44A3600590A0A /* lightTests.swift */; };
		37CD66A21ED44A3700590A0A /* lightUITests.swift in Sources */ = {isa = PBXBuildFile; fileRef = 37CD66A11ED44A3700590A0A /* lightUITests.swift */; };
/* End PBXBuildFile section */

/* Begin PBXContainerItemProxy section */
		37CD66931ED44A3600590A0A /* PBXContainerItemProxy */ = {
			isa = PBXContainerItemProxy;
			containerPortal = 37CD66761ED44A3600590A0A /* Project object */;
			proxyType = 1;
			remoteGlobalIDString = 37CD667D1ED44A3600590A0A;
			remoteInfo = light;
		};
		37CD669E1ED44A3600590A0A /* PBXContainerItemProxy */ = {
			isa = PBXContainerItemProxy;
			containerPortal = 37CD66761ED44A3600590A0A /* Project object */;
			proxyType = 1;
			remoteGlobalIDString = 37CD667D1ED44A3600590A0A;
			remoteInfo = light;
		};
/* End PBXContainerItemProxy section */

/* Begin PBXFileReference section */
		37CD667E1ED44A3600590A0A /* light.app */ = {isa = PBXFileReference; explicitFileType = wrapper.application; includeInIndex = 0; path = light.app; sourceTree = BUILT_PRODUCTS_DIR; };
		37CD66811ED44A3600590A0A /* AppDelegate.swift */ = {isa = PBXFileReference; lastKnownFileType = sourcecode.swift; path = AppDelegate.swift; sourceTree = "<group>"; };
		37CD66831ED44A3600590A0A /* ViewController.swift */ = {isa = PBXFileReference; lastKnownFileType = sourcecode.swift; path = ViewController.swift; sourceTree = "<group>"; };
		37CD66861ED44A3600590A0A /* Base */ = {isa = PBXFileReference; lastKnownFileType = file.storyboard; name = Base; path = Base.lproj/Main.storyboard; sourceTree = "<group>"; };
		37CD66881ED44A3600590A0A /* Assets.xcassets */ = {isa = PBXFileReference; lastKnownFileType = folder.assetcatalog; path = Assets.xcassets; sourceTree = "<group>"; };
		37CD668B1ED44A3600590A0A /* Base */ = {isa = PBXFileReference; lastKnownFileType = file.storyboard; name = Base; path = Base.lproj/LaunchScreen.storyboard; sourceTree = "<group>"; };
		37CD668D1ED44A3600590A0A /* Info.plist */ = {isa = PBXFileReference; lastKnownFileType = text.plist.xml; path = Info.plist; sourceTree = "<group>"; };
		37CD66921ED44A3600590A0A /* lightTests.xctest */ = {isa = PBXFileReference; explicitFileType = wrapper.cfbundle; includeInIndex = 0; path = lightTests.xctest; sourceTree = BUILT_PRODUCTS_DIR; };
		37CD66961ED44A3600590A0A /* lightTests.swift */ = {isa = PBXFileReference; lastKnownFileType = sourcecode.swift; path = lightTests.swift; sourceTree = "<group>"; };
		37CD66981ED44A3600590A0A /* Info.plist */ = {isa = PBXFileReference; lastKnownFileType = text.plist.xml; path = Info.plist; sourceTree = "<group>"; };
		37CD669D1ED44A3600590A0A /* lightUITests.xctest */ = {isa = PBXFileReference; explicitFileType = wrapper.cfbundle; includeInIndex = 0; path = lightUITests.xctest; sourceTree = BUILT_PRODUCTS_DIR; };
		37CD66A11ED44A3700590A0A /* lightUITests.swift */ = {isa = PBXFileReference; lastKnownFileType = sourcecode.swift; path = lightUITests.swift; sourceTree = "<group>"; };
		37CD66A31ED44A3700590A0A /* Info.plist */ = {isa = PBXFileReference; lastKnownFileType = text.plist.xml; path = Info.plist; sourceTree = "<group>"; };
/* End PBXFileReference section */

/* Begin PBXFrameworksBuildPhase section */
		37CD667B1ED44A3600590A0A /* Frameworks */ = {
			isa = PBXFrameworksBuildPhase;
			buildActionMask = 2147483647;
			files = (
			);
			runOnlyForDeploymentPostprocessing = 0;
		};
		37CD668F1ED44A3600590A0A /* Frameworks */ = {
			isa = PBXFrameworksBuildPhase;
			buildActionMask = 2147483647;
			files = (
			);
			runOnlyForDeploymentPostprocessing = 0;
		};
		37CD669A1ED44A3600590A0A /* Frameworks */ = {
			isa = PBXFrameworksBuildPhase;
			buildActionMask = 2147483647;
			files = (
			);
			runOnlyForDeploymentPostprocessing = 0;
		};
/* End PBXFrameworksBuildPhase section */

/* Begin PBXGroup section */
		37CD66751ED44A3500590A0A = {
			isa = PBXGroup;
			children = (
				37CD66801ED44A3600590A0A /* light */,
				37CD66951ED44A3600590A0A /* lightTests */,
				37CD66A01ED44A3700590A0A /* lightUITests */,
				37CD667F1ED44A3600590A0A /* Products */,
			);
			sourceTree = "<group>";
		};
		37CD667F1ED44A3600590A0A /* Products */ = {
			isa = PBXGroup;
			children = (
				37CD667E1ED44A3600590A0A /* light.app */,
				37CD66921ED44A3600590A0A /* lightTests.xctest */,
				37CD669D1ED44A3600590A0A /* lightUITests.xctest */,
			);
			name = Products;
			sourceTree = "<group>";
		};
		37CD66801ED44A3600590A0A /* light */ = {
			isa = PBXGroup;
			children = (
				37CD66811ED44A3600590A0A /* AppDelegate.swift */,
				37CD66831ED44A3600590A0A /* ViewController.swift */,
				37CD66851ED44A3600590A0A /* Main.storyboard */,
				37CD66881ED44A3600590A0A /* Assets.xcassets */,
				37CD668A1ED44A3600590A0A /* LaunchScreen.storyboard */,
				37CD668D1ED44A3600590A0A /* Info.plist */,
			);
			path = light;
			sourceTree = "<group>";
		};
		37CD66951ED44A3600590A0A /* lightTests */ = {
			isa = PBXGroup;
			children = (
				37CD66961ED44A3600590A0A /* lightTests.swift */,
				37CD66981ED44A3600590A0A /* Info.plist */,
			);
			path = lightTests;
			sourceTree = "<group>";
		};
		37CD66A01ED44A3700590A0A /* lightUITests */ = {
			isa = PBXGroup;
			children = (
				37CD66A11ED44A3700590A0A /* lightUITests.swift */,
				37CD66A31ED44A3700590A0A /* Info.plist */,
			);
			path = lightUITests;
			sourceTree = "<group>";
		};
/* End PBXGroup section */

/* Begin PBXNativeTarget section */
		37CD667D1ED44A3600590A0A /* light */ = {
			isa = PBXNativeTarget;
			buildConfigurationList = 37CD66A61ED44A3700590A0A /* Build configuration list for PBXNativeTarget "light" */;
			buildPhases = (
				37CD667A1ED44A3600590A0A /* Sources */,
				37CD667B1ED44A3600590A0A /* Frameworks */,
				37CD667C1ED44A3600590A0A /* Resources */,
			);
			buildRules = (
			);
			dependencies = (
			);
			name = light;
			productName = light;
			productReference = 37CD667E1ED44A3600590A0A /* light.app */;
			productType = "com.apple.product-type.application";
		};
		37CD66911ED44A3600590A0A /* lightTests */ = {
			isa = PBXNativeTarget;
			buildConfigurationList = 37CD66A91ED44A3700590A0A /* Build configuration list for PBXNativeTarget "lightTests" */;
			buildPhases = (
				37CD668E1ED44A3600590A0A /* Sources */,
				37CD668F1ED44A3600590A0A /* Frameworks */,
				37CD66901ED44A3600590A0A /* Resources */,
			);
			buildRules = (
			);
			dependencies = (
				37CD66941ED44A3600590A0A /* PBXTargetDependency */,
			);
			name = lightTests;
			productName = lightTests;
			productReference = 37CD66921ED44A3600590A0A /* lightTests.xctest */;
			productType = "com.apple.product-type.bundle.unit-test";
		};
		37CD669C1ED44A3600590A0A /* lightUITests */ = {
			isa = PBXNativeTarget;
			buildConfigurationList = 37CD66AC1ED44A3700590A0A /* Build configuration list for PBXNativeTarget "lightUITests" */;
			buildPhases = (
				37CD66991ED44A3600590A0A /* Sources */,
				37CD669A1ED44A3600590A0A /* Frameworks */,
				37CD669B1ED44A3600590A0A /* Resources */,
			);
			buildRules = (
			);
			dependencies = (
				37CD669F1ED44A3600590A0A /* PBXTargetDependency */,
			);
			name = lightUITests;
			productName = lightUITests;
			productReference = 37CD669D1ED44A3600590A0A /* lightUITests.xctest */;
			productType = "com.apple.product-type.bundle.ui-testing";
		};
/* End PBXNativeTarget section */

/* Begin PBXProject section */
		37CD66761ED44A3600590A0A /* Project object */ = {
			isa = PBXProject;
			attributes = {
				LastSwiftUpdateCheck = 0830;
				LastUpgradeCheck = 0830;
				ORGANIZATIONNAME = "Amanda Thongvilu";
				TargetAttributes = {
					37CD667D1ED44A3600590A0A = {
						CreatedOnToolsVersion = 8.3.2;
						ProvisioningStyle = Automatic;
					};
					37CD66911ED44A3600590A0A = {
						CreatedOnToolsVersion = 8.3.2;
						ProvisioningStyle = Automatic;
						TestTargetID = 37CD667D1ED44A3600590A0A;
					};
					37CD669C1ED44A3600590A0A = {
						CreatedOnToolsVersion = 8.3.2;
						ProvisioningStyle = Automatic;
						TestTargetID = 37CD667D1ED44A3600590A0A;
					};
				};
			};
			buildConfigurationList = 37CD66791ED44A3600590A0A /* Build configuration list for PBXProject "light" */;
			compatibilityVersion = "Xcode 3.2";
			developmentRegion = English;
			hasScannedForEncodings = 0;
			knownRegions = (
				en,
				Base,
			);
			mainGroup = 37CD66751ED44A3500590A0A;
			productRefGroup = 37CD667F1ED44A3600590A0A /* Products */;
			projectDirPath = "";
			projectRoot = "";
			targets = (
				37CD667D1ED44A3600590A0A /* light */,
				37CD66911ED44A3600590A0A /* lightTests */,
				37CD669C1ED44A3600590A0A /* lightUITests */,
			);
		};
/* End PBXProject section */

/* Begin PBXResourcesBuildPhase section */
		37CD667C1ED44A3600590A0A /* Resources */ = {
			isa = PBXResourcesBuildPhase;
			buildActionMask = 2147483647;
			files = (
				37CD668C1ED44A3600590A0A /* LaunchScreen.storyboard in Resources */,
				37CD66891ED44A3600590A0A /* Assets.xcassets in Resources */,
				37CD66871ED44A3600590A0A /* Main.storyboard in Resources */,
			);
			runOnlyForDeploymentPostprocessing = 0;
		};
		37CD66901ED44A3600590A0A /* Resources */ = {
			isa = PBXResourcesBuildPhase;
			buildActionMask = 2147483647;
			files = (
			);
			runOnlyForDeploymentPostprocessing = 0;
		};
		37CD669B1ED44A3600590A0A /* Resources */ = {
			isa = PBXResourcesBuildPhase;
			buildActionMask = 2147483647;
			files = (
			);
			runOnlyForDeploymentPostprocessing = 0;
		};
/* End PBXResourcesBuildPhase section */

/* Begin PBXSourcesBuildPhase section */
		37CD667A1ED44A3600590A0A /* Sources */ = {
			isa = PBXSourcesBuildPhase;
			buildActionMask = 2147483647;
			files = (
				37CD66841ED44A3600590A0A /* ViewController.swift in Sources */,
				37CD66821ED44A3600590A0A /* AppDelegate.swift in Sources */,
			);
			runOnlyForDeploymentPostprocessing = 0;
		};
		37CD668E1ED44A3600590A0A /* Sources */ = {
			isa = PBXSourcesBuildPhase;
			buildActionMask = 2147483647;
			files = (
				37CD66971ED44A3600590A0A /* lightTests.swift in Sources */,
			);
			runOnlyForDeploymentPostprocessing = 0;
		};
		37CD66991ED44A3600590A0A /* Sources */ = {
			isa = PBXSourcesBuildPhase;
			buildActionMask = 2147483647;
			files = (
				37CD66A21ED44A3700590A0A /* lightUITests.swift in Sources */,
			);
			runOnlyForDeploymentPostprocessing = 0;
		};
/* End PBXSourcesBuildPhase section */

/* Begin PBXTargetDependency section */
		37CD66941ED44A3600590A0A /* PBXTargetDependency */ = {
			isa = PBXTargetDependency;
			target = 37CD667D1ED44A3600590A0A /* light */;
			targetProxy = 37CD66931ED44A3600590A0A /* PBXContainerItemProxy */;
		};
		37CD669F1ED44A3600590A0A /* PBXTargetDependency */ = {
			isa = PBXTargetDependency;
			target = 37CD667D1ED44A3600590A0A /* light */;
			targetProxy = 37CD669E1ED44A3600590A0A /* PBXContainerItemProxy */;
		};
/* End PBXTargetDependency section */

/* Begin PBXVariantGroup section */
		37CD66851ED44A3600590A0A /* Main.storyboard */ = {
			isa = PBXVariantGroup;
			children = (
				37CD66861ED44A3600590A0A /* Base */,
			);
			name = Main.storyboard;
			sourceTree = "<group>";
		};
		37CD668A1ED44A3600590A0A /* LaunchScreen.storyboard */ = {
			isa = PBXVariantGroup;
			children = (
				37CD668B1ED44A3600590A0A /* Base */,
			);
			name = LaunchScreen.storyboard;
			sourceTree = "<group>";
		};
/* End PBXVariantGroup section */

/* Begin XCBuildConfiguration section */
		37CD66A41ED44A3700590A0A /* Debug */ = {
			isa = XCBuildConfiguration;
			buildSettings = {
				ALWAYS_SEARCH_USER_PATHS = NO;
				CLANG_ANALYZER_NONNULL = YES;
				CLANG_ANALYZER_NUMBER_OBJECT_CONVERSION = YES_AGGRESSIVE;
				CLANG_CXX_LANGUAGE_STANDARD = "gnu++0x";
				CLANG_CXX_LIBRARY = "libc++";
				CLANG_ENABLE_MODULES = YES;
				CLANG_ENABLE_OBJC_ARC = YES;
				CLANG_WARN_BOOL_CONVERSION = YES;
				CLANG_WARN_CONSTANT_CONVERSION = YES;
				CLANG_WARN_DIRECT_OBJC_ISA_USAGE = YES_ERROR;
				CLANG_WARN_DOCUMENTATION_COMMENTS = YES;
				CLANG_WARN_EMPTY_BODY = YES;
				CLANG_WARN_ENUM_CONVERSION = YES;
				CLANG_WARN_INFINITE_RECURSION = YES;
				CLANG_WARN_INT_CONVERSION = YES;
				CLANG_WARN_OBJC_ROOT_CLASS = YES_ERROR;
				CLANG_WARN_SUSPICIOUS_MOVE = YES;
				CLANG_WARN_UNREACHABLE_CODE = YES;
				CLANG_WARN__DUPLICATE_METHOD_MATCH = YES;
				"CODE_SIGN_IDENTITY[sdk=iphoneos*]" = "iPhone Developer";
				COPY_PHASE_STRIP = NO;
				DEBUG_INFORMATION_FORMAT = dwarf;
				ENABLE_STRICT_OBJC_MSGSEND = YES;
				ENABLE_TESTABILITY = YES;
				GCC_C_LANGUAGE_STANDARD = gnu99;
				GCC_DYNAMIC_NO_PIC = NO;
				GCC_NO_COMMON_BLOCKS = YES;
				GCC_OPTIMIZATION_LEVEL = 0;
				GCC_PREPROCESSOR_DEFINITIONS = (
					"DEBUG=1",
					"$(inherited)",
				);
				GCC_WARN_64_TO_32_BIT_CONVERSION = YES;
				GCC_WARN_ABOUT_RETURN_TYPE = YES_ERROR;
				GCC_WARN_UNDECLARED_SELECTOR = YES;
				GCC_WARN_UNINITIALIZED_AUTOS = YES_AGGRESSIVE;
				GCC_WARN_UNUSED_FUNCTION = YES;
				GCC_WARN_UNUSED_VARIABLE = YES;
				IPHONEOS_DEPLOYMENT_TARGET = 10.3;
				MTL_ENABLE_DEBUG_INFO = YES;
				ONLY_ACTIVE_ARCH = YES;
				SDKROOT = iphoneos;
				SWIFT_ACTIVE_COMPILATION_CONDITIONS = DEBUG;
				SWIFT_OPTIMIZATION_LEVEL = "-Onone";
				TARGETED_DEVICE_FAMILY = "1,2";
			};
			name = Debug;
		};
		37CD66A51ED44A3700590A0A /* Release */ = {
			isa = XCBuildConfiguration;
			buildSettings = {
				ALWAYS_SEARCH_USER_PATHS = NO;
				CLANG_ANALYZER_NONNULL = YES;
				CLANG_ANALYZER_NUMBER_OBJECT_CONVERSION = YES_AGGRESSIVE;
				CLANG_CXX_LANGUAGE_STANDARD = "gnu++0x";
				CLANG_CXX_LIBRARY = "libc++";
				CLANG_ENABLE_MODULES = YES;
				CLANG_ENABLE_OBJC_ARC = YES;
				CLANG_WARN_BOOL_CONVERSION = YES;
				CLANG_WARN_CONSTANT_CONVERSION = YES;
				CLANG_WARN_DIRECT_OBJC_ISA_USAGE = YES_ERROR;
				CLANG_WARN_DOCUMENTATION_COMMENTS = YES;
				CLANG_WARN_EMPTY_BODY = YES;
				CLANG_WARN_ENUM_CONVERSION = YES;
				CLANG_WARN_INFINITE_RECURSION = YES;
				CLANG_WARN_INT_CONVERSION = YES;
				CLANG_WARN_OBJC_ROOT_CLASS = YES_ERROR;
				CLANG_WARN_SUSPICIOUS_MOVE = YES;
				CLANG_WARN_UNREACHABLE_CODE = YES;
				CLANG_WARN__DUPLICATE_METHOD_MATCH = YES;
				"CODE_SIGN_IDENTITY[sdk=iphoneos*]" = "iPhone Developer";
				COPY_PHASE_STRIP = NO;
				DEBUG_INFORMATION_FORMAT = "dwarf-with-dsym";
				ENABLE_NS_ASSERTIONS = NO;
				ENABLE_STRICT_OBJC_MSGSEND = YES;
				GCC_C_LANGUAGE_STANDARD = gnu99;
				GCC_NO_COMMON_BLOCKS = YES;
				GCC_WARN_64_TO_32_BIT_CONVERSION = YES;
				GCC_WARN_ABOUT_RETURN_TYPE = YES_ERROR;
				GCC_WARN_UNDECLARED_SELECTOR = YES;
				GCC_WARN_UNINITIALIZED_AUTOS = YES_AGGRESSIVE;
				GCC_WARN_UNUSED_FUNCTION = YES;
				GCC_WARN_UNUSED_VARIABLE = YES;
				IPHONEOS_DEPLOYMENT_TARGET = 10.3;
				MTL_ENABLE_DEBUG_INFO = NO;
				SDKROOT = iphoneos;
				SWIFT_OPTIMIZATION_LEVEL = "-Owholemodule";
				TARGETED_DEVICE_FAMILY = "1,2";
				VALIDATE_PRODUCT = YES;
			};
			name = Release;
		};
		37CD66A71ED44A3700590A0A /* Debug */ = {
			isa = XCBuildConfiguration;
			buildSettings = {
				ASSETCATALOG_COMPILER_APPICON_NAME = AppIcon;
				INFOPLIST_FILE = light/Info.plist;
				LD_RUNPATH_SEARCH_PATHS = "$(inherited) @executable_path/Frameworks";
				PRODUCT_BUNDLE_IDENTIFIER = com.sample.shehacks.light;
				PRODUCT_NAME = "$(TARGET_NAME)";
				SWIFT_VERSION = 3.0;
			};
			name = Debug;
		};
		37CD66A81ED44A3700590A0A /* Release */ = {
			isa = XCBuildConfiguration;
			buildSettings = {
				ASSETCATALOG_COMPILER_APPICON_NAME = AppIcon;
				INFOPLIST_FILE = light/Info.plist;
				LD_RUNPATH_SEARCH_PATHS = "$(inherited) @executable_path/Frameworks";
				PRODUCT_BUNDLE_IDENTIFIER = com.sample.shehacks.light;
				PRODUCT_NAME = "$(TARGET_NAME)";
				SWIFT_VERSION = 3.0;
			};
			name = Release;
		};
		37CD66AA1ED44A3700590A0A /* Debug */ = {
			isa = XCBuildConfiguration;
			buildSettings = {
				ALWAYS_EMBED_SWIFT_STANDARD_LIBRARIES = YES;
				BUNDLE_LOADER = "$(TEST_HOST)";
				INFOPLIST_FILE = lightTests/Info.plist;
				LD_RUNPATH_SEARCH_PATHS = "$(inherited) @executable_path/Frameworks @loader_path/Frameworks";
				PRODUCT_BUNDLE_IDENTIFIER = com.sample.shehacks.lightTests;
				PRODUCT_NAME = "$(TARGET_NAME)";
				SWIFT_VERSION = 3.0;
				TEST_HOST = "$(BUILT_PRODUCTS_DIR)/light.app/light";
			};
			name = Debug;
		};
		37CD66AB1ED44A3700590A0A /* Release */ = {
			isa = XCBuildConfiguration;
			buildSettings = {
				ALWAYS_EMBED_SWIFT_STANDARD_LIBRARIES = YES;
				BUNDLE_LOADER = "$(TEST_HOST)";
				INFOPLIST_FILE = lightTests/Info.plist;
				LD_RUNPATH_SEARCH_PATHS = "$(inherited) @executable_path/Frameworks @loader_path/Frameworks";
				PRODUCT_BUNDLE_IDENTIFIER = com.sample.shehacks.lightTests;
				PRODUCT_NAME = "$(TARGET_NAME)";
				SWIFT_VERSION = 3.0;
				TEST_HOST = "$(BUILT_PRODUCTS_DIR)/light.app/light";
			};
			name = Release;
		};
		37CD66AD1ED44A3700590A0A /* Debug */ = {
			isa = XCBuildConfiguration;
			buildSettings = {
				ALWAYS_EMBED_SWIFT_STANDARD_LIBRARIES = YES;
				INFOPLIST_FILE = lightUITests/Info.plist;
				LD_RUNPATH_SEARCH_PATHS = "$(inherited) @executable_path/Frameworks @loader_path/Frameworks";
				PRODUCT_BUNDLE_IDENTIFIER = com.sample.shehacks.lightUITests;
				PRODUCT_NAME = "$(TARGET_NAME)";
				SWIFT_VERSION = 3.0;
				TEST_TARGET_NAME = light;
			};
			name = Debug;
		};
		37CD66AE1ED44A3700590A0A /* Release */ = {
			isa = XCBuildConfiguration;
			buildSettings = {
				ALWAYS_EMBED_SWIFT_STANDARD_LIBRARIES = YES;
				INFOPLIST_FILE = lightUITests/Info.plist;
				LD_RUNPATH_SEARCH_PATHS = "$(inherited) @executable_path/Frameworks @loader_path/Frameworks";
				PRODUCT_BUNDLE_IDENTIFIER = com.sample.shehacks.lightUITests;
				PRODUCT_NAME = "$(TARGET_NAME)";
				SWIFT_VERSION = 3.0;
				TEST_TARGET_NAME = light;
			};
			name = Release;
		};
/* End XCBuildConfiguration section */

/* Begin XCConfigurationList section */
		37CD66791ED44A3600590A0A /* Build configuration list for PBXProject "light" */ = {
			isa = XCConfigurationList;
			buildConfigurations = (
				37CD66A41ED44A3700590A0A /* Debug */,
				37CD66A51ED44A3700590A0A /* Release */,
			);
			defaultConfigurationIsVisible = 0;
			defaultConfigurationName = Release;
		};
		37CD66A61ED44A3700590A0A /* Build configuration list for PBXNativeTarget "light" */ = {
			isa = XCConfigurationList;
			buildConfigurations = (
				37CD66A71ED44A3700590A0A /* Debug */,
				37CD66A81ED44A3700590A0A /* Release */,
			);
			defaultConfigurationIsVisible = 0;
		};
		37CD66A91ED44A3700590A0A /* Build configuration list for PBXNativeTarget "lightTests" */ = {
			isa = XCConfigurationList;
			buildConfigurations = (
				37CD66AA1ED44A3700590A0A /* Debug */,
				37CD66AB1ED44A3700590A0A /* Release */,
			);
			defaultConfigurationIsVisible = 0;
		};
		37CD66AC1ED44A3700590A0A /* Build configuration list for PBXNativeTarget "lightUITests" */ = {
			isa = XCConfigurationList;
			buildConfigurations = (
				37CD66AD1ED44A3700590A0A /* Debug */,
				37CD66AE1ED44A3700590A0A /* Release */,
			);
			defaultConfigurationIsVisible = 0;
		};
/* End XCConfigurationList section */
	};
	rootObject = 37CD66761ED44A3600590A0A /* Project object */;
}
